
Microsoft Visual Studio Solution File, Format Version 12.00
# Visual Studio 15
VisualStudioVersion = 15.0.27004.2002
MinimumVisualStudioVersion = 10.0.40219.1
Project("{9A19103F-16F7-4668-BE54-9A1E7A4F7556}") = "Angular_ASPNETCore_ExpenseTracker", "Angular_ASPNETCore_ExpenseTracker\Angular_ASPNETCore_ExpenseTracker.csproj", "{DC1C8B12-12CC-437F-A725-569D8ADC7C0E}"
EndProject
Project("{2150E333-8FDC-42A3-9474-1A3956D46DE8}") = "Azure", "Azure", "{8B20A2A4-847C-4F1A-9BC0-74337F64B3DC}"
EndProject
Project("{2150E333-8FDC-42A3-9474-1A3956D46DE8}") = "Background Service", "Background Service", "{F87403FB-B8B2-4554-8453-A2458039B3B5}"
EndProject
Project("{2150E333-8FDC-42A3-9474-1A3956D46DE8}") = "BackEnd", "BackEnd", "{6C8E6B18-738F-41F4-9D14-B8392BEA137B}"
EndProject
Project("{9A19103F-16F7-4668-BE54-9A1E7A4F7556}") = "ETS.DataCore", "DotNetCore\ETS.DataCore\ETS.DataCore.csproj", "{9F36A144-8341-4FDC-9092-4E029A8B3F52}"
EndProject
Project("{9A19103F-16F7-4668-BE54-9A1E7A4F7556}") = "ETS.DomainCore", "DotNetCore\ETS.DomainCore\ETS.DomainCore.csproj", "{0C0AF3D4-55E3-4B28-818D-693A00481D73}"
EndProject
Project("{9A19103F-16F7-4668-BE54-9A1E7A4F7556}") = "ETS.Services", "DotNetCore\ETS.ServicesCore\ETS.Services.csproj", "{627845CC-DC37-43F3-8FF7-12513BA3854C}"
EndProject
Project("{9A19103F-16F7-4668-BE54-9A1E7A4F7556}") = "ETS.Core", "DotNetCore\ETS.Core\ETS.Core.csproj", "{8AC0A3A1-B2C2-4DBB-BCDE-300B2A853D46}"
EndProject
Project("{9A19103F-16F7-4668-BE54-9A1E7A4F7556}") = "ETS.Azure", "DotNetCore\ETS.AzureCore\ETS.Azure.csproj", "{77964D0D-4352-4503-9473-C76A9C763D00}"
EndProject
Project("{9A19103F-16F7-4668-BE54-9A1E7A4F7556}") = "ETS.Jobs.RequestCore", "Background Service\ETS.Jobs.RequestCore\ETS.Jobs.RequestCore.csproj", "{7DB54DC8-E98F-4299-B4A0-3C90A0897130}"
EndProject
Project("{9A19103F-16F7-4668-BE54-9A1E7A4F7556}") = "ETS.Jobs.ServiceCore", "Background Service\ETS.Jobs.ServiceCore\ETS.Jobs.ServiceCore.csproj", "{517143CC-B981-4A68-8973-4EC2B558495C}"
EndProject
Project("{9A19103F-16F7-4668-BE54-9A1E7A4F7556}") = "ETS.JobsHost.Core", "Background Service\ETS.JobsHost.Core\ETS.JobsHost.Core.csproj", "{6D05182B-2222-4E59-BD05-FB8128DE6D65}"
EndProject
Project("{9A19103F-16F7-4668-BE54-9A1E7A4F7556}") = "ETS.JobsHostConsole.Core", "Background Service\ETS.JobsHostConsole.Core\ETS.JobsHostConsole.Core.csproj", "{4F41AF46-E4F5-4BE4-9B94-182E48E157F1}"
EndProject
Global
	GlobalSection(SolutionConfigurationPlatforms) = preSolution
		Debug|Any CPU = Debug|Any CPU
		Release|Any CPU = Release|Any CPU
	EndGlobalSection
	GlobalSection(ProjectConfigurationPlatforms) = postSolution
		{DC1C8B12-12CC-437F-A725-569D8ADC7C0E}.Debug|Any CPU.ActiveCfg = Debug|Any CPU
		{DC1C8B12-12CC-437F-A725-569D8ADC7C0E}.Debug|Any CPU.Build.0 = Debug|Any CPU
		{DC1C8B12-12CC-437F-A725-569D8ADC7C0E}.Release|Any CPU.ActiveCfg = Release|Any CPU
		{DC1C8B12-12CC-437F-A725-569D8ADC7C0E}.Release|Any CPU.Build.0 = Release|Any CPU
		{9F36A144-8341-4FDC-9092-4E029A8B3F52}.Debug|Any CPU.ActiveCfg = Debug|Any CPU
		{9F36A144-8341-4FDC-9092-4E029A8B3F52}.Debug|Any CPU.Build.0 = Debug|Any CPU
		{9F36A144-8341-4FDC-9092-4E029A8B3F52}.Release|Any CPU.ActiveCfg = Release|Any CPU
		{9F36A144-8341-4FDC-9092-4E029A8B3F52}.Release|Any CPU.Build.0 = Release|Any CPU
		{0C0AF3D4-55E3-4B28-818D-693A00481D73}.Debug|Any CPU.ActiveCfg = Debug|Any CPU
		{0C0AF3D4-55E3-4B28-818D-693A00481D73}.Debug|Any CPU.Build.0 = Debug|Any CPU
		{0C0AF3D4-55E3-4B28-818D-693A00481D73}.Release|Any CPU.ActiveCfg = Release|Any CPU
		{0C0AF3D4-55E3-4B28-818D-693A00481D73}.Release|Any CPU.Build.0 = Release|Any CPU
		{627845CC-DC37-43F3-8FF7-12513BA3854C}.Debug|Any CPU.ActiveCfg = Debug|Any CPU
		{627845CC-DC37-43F3-8FF7-12513BA3854C}.Debug|Any CPU.Build.0 = Debug|Any CPU
		{627845CC-DC37-43F3-8FF7-12513BA3854C}.Release|Any CPU.ActiveCfg = Release|Any CPU
		{627845CC-DC37-43F3-8FF7-12513BA3854C}.Release|Any CPU.Build.0 = Release|Any CPU
		{8AC0A3A1-B2C2-4DBB-BCDE-300B2A853D46}.Debug|Any CPU.ActiveCfg = Debug|Any CPU
		{8AC0A3A1-B2C2-4DBB-BCDE-300B2A853D46}.Debug|Any CPU.Build.0 = Debug|Any CPU
		{8AC0A3A1-B2C2-4DBB-BCDE-300B2A853D46}.Release|Any CPU.ActiveCfg = Release|Any CPU
		{8AC0A3A1-B2C2-4DBB-BCDE-300B2A853D46}.Release|Any CPU.Build.0 = Release|Any CPU
		{77964D0D-4352-4503-9473-C76A9C763D00}.Debug|Any CPU.ActiveCfg = Debug|Any CPU
		{77964D0D-4352-4503-9473-C76A9C763D00}.Debug|Any CPU.Build.0 = Debug|Any CPU
		{77964D0D-4352-4503-9473-C76A9C763D00}.Release|Any CPU.ActiveCfg = Release|Any CPU
		{77964D0D-4352-4503-9473-C76A9C763D00}.Release|Any CPU.Build.0 = Release|Any CPU
		{7DB54DC8-E98F-4299-B4A0-3C90A0897130}.Debug|Any CPU.ActiveCfg = Debug|Any CPU
		{7DB54DC8-E98F-4299-B4A0-3C90A0897130}.Debug|Any CPU.Build.0 = Debug|Any CPU
		{7DB54DC8-E98F-4299-B4A0-3C90A0897130}.Release|Any CPU.ActiveCfg = Release|Any CPU
		{7DB54DC8-E98F-4299-B4A0-3C90A0897130}.Release|Any CPU.Build.0 = Release|Any CPU
		{517143CC-B981-4A68-8973-4EC2B558495C}.Debug|Any CPU.ActiveCfg = Debug|Any CPU
		{517143CC-B981-4A68-8973-4EC2B558495C}.Debug|Any CPU.Build.0 = Debug|Any CPU
		{517143CC-B981-4A68-8973-4EC2B558495C}.Release|Any CPU.ActiveCfg = Release|Any CPU
		{517143CC-B981-4A68-8973-4EC2B558495C}.Release|Any CPU.Build.0 = Release|Any CPU
		{6D05182B-2222-4E59-BD05-FB8128DE6D65}.Debug|Any CPU.ActiveCfg = Debug|Any CPU
		{6D05182B-2222-4E59-BD05-FB8128DE6D65}.Debug|Any CPU.Build.0 = Debug|Any CPU
		{6D05182B-2222-4E59-BD05-FB8128DE6D65}.Release|Any CPU.ActiveCfg = Release|Any CPU
		{6D05182B-2222-4E59-BD05-FB8128DE6D65}.Release|Any CPU.Build.0 = Release|Any CPU
		{4F41AF46-E4F5-4BE4-9B94-182E48E157F1}.Debug|Any CPU.ActiveCfg = Debug|Any CPU
		{4F41AF46-E4F5-4BE4-9B94-182E48E157F1}.Debug|Any CPU.Build.0 = Debug|Any CPU
		{4F41AF46-E4F5-4BE4-9B94-182E48E157F1}.Release|Any CPU.ActiveCfg = Release|Any CPU
		{4F41AF46-E4F5-4BE4-9B94-182E48E157F1}.Release|Any CPU.Build.0 = Release|Any CPU
	EndGlobalSection
	GlobalSection(SolutionProperties) = preSolution
		HideSolutionNode = FALSE
	EndGlobalSection
	GlobalSection(NestedProjects) = preSolution
		{9F36A144-8341-4FDC-9092-4E029A8B3F52} = {6C8E6B18-738F-41F4-9D14-B8392BEA137B}
		{0C0AF3D4-55E3-4B28-818D-693A00481D73} = {6C8E6B18-738F-41F4-9D14-B8392BEA137B}
		{627845CC-DC37-43F3-8FF7-12513BA3854C} = {6C8E6B18-738F-41F4-9D14-B8392BEA137B}
		{8AC0A3A1-B2C2-4DBB-BCDE-300B2A853D46} = {6C8E6B18-738F-41F4-9D14-B8392BEA137B}
		{77964D0D-4352-4503-9473-C76A9C763D00} = {8B20A2A4-847C-4F1A-9BC0-74337F64B3DC}
		{7DB54DC8-E98F-4299-B4A0-3C90A0897130} = {F87403FB-B8B2-4554-8453-A2458039B3B5}
		{517143CC-B981-4A68-8973-4EC2B558495C} = {F87403FB-B8B2-4554-8453-A2458039B3B5}
		{6D05182B-2222-4E59-BD05-FB8128DE6D65} = {F87403FB-B8B2-4554-8453-A2458039B3B5}
		{4F41AF46-E4F5-4BE4-9B94-182E48E157F1} = {F87403FB-B8B2-4554-8453-A2458039B3B5}
	EndGlobalSection
	GlobalSection(ExtensibilityGlobals) = postSolution
		SolutionGuid = {FB12EC9D-6C68-4AB5-AD64-92BBFA3077C8}
	EndGlobalSection
EndGlobal
