
Microsoft Visual Studio Solution File, Format Version 12.00
# Visual Studio 15
VisualStudioVersion = 15.0.27004.2002
MinimumVisualStudioVersion = 10.0.40219.1
Project("{9A19103F-16F7-4668-BE54-9A1E7A4F7556}") = "Angular_ASPNETCore_ExpenseTracker", "Angular_ASPNETCore_ExpenseTracker\Angular_ASPNETCore_ExpenseTracker.csproj", "{DC1C8B12-12CC-437F-A725-569D8ADC7C0E}"
EndProject
Project("{FAE04EC0-301F-11D3-BF4B-00C04F79EFBC}") = "ETS.DataCore", "ETS.DataCore\ETS.DataCore.csproj", "{37BAA85D-1B22-4821-98B0-19030A9361BB}"
EndProject
Project("{FAE04EC0-301F-11D3-BF4B-00C04F79EFBC}") = "ETS.DomainCore", "ETS.DomainCore\ETS.DomainCore.csproj", "{D78C5AC6-2392-46BC-869A-92FD78A5D670}"
EndProject
Global
	GlobalSection(SolutionConfigurationPlatforms) = preSolution
		Debug|Any CPU = Debug|Any CPU
		Release|Any CPU = Release|Any CPU
	EndGlobalSection
	GlobalSection(ProjectConfigurationPlatforms) = postSolution
		{DC1C8B12-12CC-437F-A725-569D8ADC7C0E}.Debug|Any CPU.ActiveCfg = Debug|Any CPU
		{DC1C8B12-12CC-437F-A725-569D8ADC7C0E}.Debug|Any CPU.Build.0 = Debug|Any CPU
		{DC1C8B12-12CC-437F-A725-569D8ADC7C0E}.Release|Any CPU.ActiveCfg = Release|Any CPU
		{DC1C8B12-12CC-437F-A725-569D8ADC7C0E}.Release|Any CPU.Build.0 = Release|Any CPU
		{37BAA85D-1B22-4821-98B0-19030A9361BB}.Debug|Any CPU.ActiveCfg = Debug|Any CPU
		{37BAA85D-1B22-4821-98B0-19030A9361BB}.Debug|Any CPU.Build.0 = Debug|Any CPU
		{37BAA85D-1B22-4821-98B0-19030A9361BB}.Release|Any CPU.ActiveCfg = Release|Any CPU
		{37BAA85D-1B22-4821-98B0-19030A9361BB}.Release|Any CPU.Build.0 = Release|Any CPU
		{D78C5AC6-2392-46BC-869A-92FD78A5D670}.Debug|Any CPU.ActiveCfg = Debug|Any CPU
		{D78C5AC6-2392-46BC-869A-92FD78A5D670}.Debug|Any CPU.Build.0 = Debug|Any CPU
		{D78C5AC6-2392-46BC-869A-92FD78A5D670}.Release|Any CPU.ActiveCfg = Release|Any CPU
		{D78C5AC6-2392-46BC-869A-92FD78A5D670}.Release|Any CPU.Build.0 = Release|Any CPU
	EndGlobalSection
	GlobalSection(SolutionProperties) = preSolution
		HideSolutionNode = FALSE
	EndGlobalSection
	GlobalSection(ExtensibilityGlobals) = postSolution
		SolutionGuid = {FB12EC9D-6C68-4AB5-AD64-92BBFA3077C8}
	EndGlobalSection
EndGlobal
